
Microsoft Visual Studio Solution File, Format Version 10.00
# Visual Studio 2008
Project("{FAE04EC0-301F-11D3-BF4B-00C04F79EFBC}") = "CcdAddIn", "CcdAddIn.csproj", "{106C5735-41BE-4A70-917A-727916D5E071}"
EndProject
Global
	GlobalSection(SolutionConfigurationPlatforms) = preSolution
		Debug|Any CPU = Debug|Any CPU
		Release|Any CPU = Release|Any CPU
	EndGlobalSection
	GlobalSection(ProjectConfigurationPlatforms) = postSolution
		{106C5735-41BE-4A70-917A-727916D5E071}.Debug|Any CPU.ActiveCfg = Debug|Any CPU
		{106C5735-41BE-4A70-917A-727916D5E071}.Debug|Any CPU.Build.0 = Debug|Any CPU
		{106C5735-41BE-4A70-917A-727916D5E071}.Release|Any CPU.ActiveCfg = Release|Any CPU
		{106C5735-41BE-4A70-917A-727916D5E071}.Release|Any CPU.Build.0 = Release|Any CPU
	EndGlobalSection
	GlobalSection(SolutionProperties) = preSolution
		HideSolutionNode = FALSE
	EndGlobalSection
EndGlobal
